
Microsoft Visual Studio Solution File, Format Version 12.00
# Visual Studio 15
VisualStudioVersion = 15.0.27004.2002
MinimumVisualStudioVersion = 10.0.40219.1
Project("{FAE04EC0-301F-11D3-BF4B-00C04F79EFBC}") = "MVCBasics", "MVCBasics\MVCBasics.csproj", "{B8C8D66E-6C23-4B7D-8E1F-778F55D8FA41}"
EndProject
Global
	GlobalSection(SolutionConfigurationPlatforms) = preSolution
		Debug|Any CPU = Debug|Any CPU
		Release|Any CPU = Release|Any CPU
	EndGlobalSection
	GlobalSection(ProjectConfigurationPlatforms) = postSolution
		{B8C8D66E-6C23-4B7D-8E1F-778F55D8FA41}.Debug|Any CPU.ActiveCfg = Debug|Any CPU
		{B8C8D66E-6C23-4B7D-8E1F-778F55D8FA41}.Debug|Any CPU.Build.0 = Debug|Any CPU
		{B8C8D66E-6C23-4B7D-8E1F-778F55D8FA41}.Release|Any CPU.ActiveCfg = Release|Any CPU
		{B8C8D66E-6C23-4B7D-8E1F-778F55D8FA41}.Release|Any CPU.Build.0 = Release|Any CPU
	EndGlobalSection
	GlobalSection(SolutionProperties) = preSolution
		HideSolutionNode = FALSE
	EndGlobalSection
	GlobalSection(ExtensibilityGlobals) = postSolution
		SolutionGuid = {8C81DF40-D3CA-4FD0-9EA9-18F7A05DBB66}
	EndGlobalSection
EndGlobal
